{
    "version": 3,
    "terraform_version": "0.10.8",
    "serial": 3,
    "lineage": "24adb9fc-3d8f-417f-a824-5bfee9350cce",
    "modules": [
        {
            "path": [
                "root"
            ],
            "outputs": {},
            "resources": {
                "ibm_compute_ssh_key.test_key_1": {
                    "type": "ibm_compute_ssh_key",
                    "depends_on": [],
                    "primary": {
                        "id": "1041357",
                        "attributes": {
                            "fingerprint": "82:42:9f:d6:3f:a9:11:8f:bd:70:11:54:e7:b2:84:38",
                            "id": "1041357",
                            "label": "test_key_1",
                            "notes": "",
                            "public_key": "ssh-rsa AAAAB3NzaC1yc2EAAAABJQAAAIEAr2BkU+MKd9hkkdZdthlCa7wJ5aeR7qq0fp4sgOl6FkfRhFhUlBlUTqPdY6GaDli9N1XGwpTEmEpo8mfgtsOhre5NGqEUKXZut51xfBd5+qMOIhhjS3x55Ykr+Zjh8mI8y0mhoOGYhmWDFmkzPutYEN4pBn8SYQLTlbC5cCC15Hs="
                        },
                        "meta": {},
                        "tainted": false
                    },
                    "deposed": [],
                    "provider": ""
                },
                "ibm_compute_vm_instance.JS_server_1": {
                    "type": "ibm_compute_vm_instance",
                    "depends_on": [
                        "ibm_compute_ssh_key.test_key_1"
                    ],
                    "primary": {
                        "id": "46238249",
                        "attributes": {
                            "block_storage_ids.#": "0",
                            "cores": "1",
                            "datacenter": "ams01",
                            "dedicated_acct_host_only": "false",
                            "domain": "example.com",
                            "file_storage_ids.#": "0",
                            "hostname": "host1js",
                            "hourly_billing": "true",
                            "id": "46238249",
                            "ip_address_id": "105402665",
                            "ip_address_id_private": "105403891",
                            "ipv4_address": "81.95.156.38",
                            "ipv4_address_private": "10.104.138.203",
                            "ipv6_enabled": "false",
                            "local_disk": "false",
                            "memory": "1024",
                            "network_speed": "10",
                            "notes": "",
                            "os_reference_code": "CENTOS_6_64",
                            "private_network_only": "false",
                            "private_subnet": "10.104.138.192/26",
                            "private_vlan_id": "2219629",
                            "public_bandwidth_unlimited": "false",
                            "public_subnet": "81.95.156.32/29",
                            "public_vlan_id": "2219627",
                            "secondary_ip_addresses.#": "0",
                            "ssh_key_ids.#": "1",
                            "ssh_key_ids.1041357": "1041357",
                            "wait_time_minutes": "90"
                        },
                        "meta": {},
                        "tainted": false
                    },
                    "deposed": [],
                    "provider": ""
                }
            },
            "depends_on": []
        }
    ]
}
